// !$*UTF8*$!
{
	archiveVersion = 1;
	classes = {
	};
	objectVersion = 56;
	objects = {

/* Begin PBXBuildFile section */
		E33A329A2A93264200F98879 /* PokeCard.swift in Sources */ = {isa = PBXBuildFile; fileRef = E33A32992A93264200F98879 /* PokeCard.swift */; };
		E33A329C2A9327CE00F98879 /* PokeCardView.swift in Sources */ = {isa = PBXBuildFile; fileRef = E33A329B2A9327CE00F98879 /* PokeCardView.swift */; };
		E33A32A12A9340CD00F98879 /* CardBack.swift in Sources */ = {isa = PBXBuildFile; fileRef = E33A32A02A9340CD00F98879 /* CardBack.swift */; };
		E33A32A72A93488A00F98879 /* poke-data.json in Resources */ = {isa = PBXBuildFile; fileRef = E33A32A62A93488A00F98879 /* poke-data.json */; };
		E33A32A92A934AE300F98879 /* TableView.swift in Sources */ = {isa = PBXBuildFile; fileRef = E33A32A82A934AE300F98879 /* TableView.swift */; };
		E33A32AB2A9352C700F98879 /* MainNormalView.swift in Sources */ = {isa = PBXBuildFile; fileRef = E33A32AA2A9352C700F98879 /* MainNormalView.swift */; };
		E33A32AD2A93693B00F98879 /* PokeData.swift in Sources */ = {isa = PBXBuildFile; fileRef = E33A32AC2A93693B00F98879 /* PokeData.swift */; };
		E360E70D2A8F36030057CE20 /* asm2_iosApp.swift in Sources */ = {isa = PBXBuildFile; fileRef = E360E70C2A8F36030057CE20 /* asm2_iosApp.swift */; };
		E360E70F2A8F36030057CE20 /* ContentView.swift in Sources */ = {isa = PBXBuildFile; fileRef = E360E70E2A8F36030057CE20 /* ContentView.swift */; };
		E360E7112A8F36040057CE20 /* Assets.xcassets in Resources */ = {isa = PBXBuildFile; fileRef = E360E7102A8F36040057CE20 /* Assets.xcassets */; };
		E360E7152A8F36040057CE20 /* Preview Assets.xcassets in Resources */ = {isa = PBXBuildFile; fileRef = E360E7142A8F36040057CE20 /* Preview Assets.xcassets */; };
		E360E71F2A8F36040057CE20 /* asm2_iosTests.swift in Sources */ = {isa = PBXBuildFile; fileRef = E360E71E2A8F36040057CE20 /* asm2_iosTests.swift */; };
		E360E7292A8F36040057CE20 /* asm2_iosUITests.swift in Sources */ = {isa = PBXBuildFile; fileRef = E360E7282A8F36040057CE20 /* asm2_iosUITests.swift */; };
		E360E72B2A8F36040057CE20 /* asm2_iosUITestsLaunchTests.swift in Sources */ = {isa = PBXBuildFile; fileRef = E360E72A2A8F36040057CE20 /* asm2_iosUITestsLaunchTests.swift */; };
		E360E73A2A8F3A220057CE20 /* WelcomeView.swift in Sources */ = {isa = PBXBuildFile; fileRef = E360E7392A8F3A220057CE20 /* WelcomeView.swift */; };
		E360E73D2A8F52250057CE20 /* ButtonUI.swift in Sources */ = {isa = PBXBuildFile; fileRef = E360E73C2A8F52250057CE20 /* ButtonUI.swift */; };
		E360E73F2A8F56DF0057CE20 /* Test.swift in Sources */ = {isa = PBXBuildFile; fileRef = E360E73E2A8F56DF0057CE20 /* Test.swift */; };
		E360E7412A8F69DD0057CE20 /* ShiningView.swift in Sources */ = {isa = PBXBuildFile; fileRef = E360E7402A8F69DD0057CE20 /* ShiningView.swift */; };
		E360E7432A8F71680057CE20 /* MainPageView.swift in Sources */ = {isa = PBXBuildFile; fileRef = E360E7422A8F71680057CE20 /* MainPageView.swift */; };
		E360E7452A8F7CFD0057CE20 /* EmtyView.swift in Sources */ = {isa = PBXBuildFile; fileRef = E360E7442A8F7CFD0057CE20 /* EmtyView.swift */; };
		E360E7472A8F7E7C0057CE20 /* TextButtonUI.swift in Sources */ = {isa = PBXBuildFile; fileRef = E360E7462A8F7E7C0057CE20 /* TextButtonUI.swift */; };
		E36AAACE2A985FD600C50349 /* PlayAgainView.swift in Sources */ = {isa = PBXBuildFile; fileRef = E36AAACD2A985FD600C50349 /* PlayAgainView.swift */; };
		E36AAAD42A987FC200C50349 /* TimerView.swift in Sources */ = {isa = PBXBuildFile; fileRef = E36AAAD32A987FC200C50349 /* TimerView.swift */; };
		E36AAAD82A98809100C50349 /* TimerModel.swift in Sources */ = {isa = PBXBuildFile; fileRef = E36AAAD72A98809100C50349 /* TimerModel.swift */; };
		E3AE35372A94777D00B57D93 /* ComboBar.swift in Sources */ = {isa = PBXBuildFile; fileRef = E3AE35362A94777D00B57D93 /* ComboBar.swift */; };
		E3AE35392A94865900B57D93 /* ComboBarModel.swift in Sources */ = {isa = PBXBuildFile; fileRef = E3AE35382A94865900B57D93 /* ComboBarModel.swift */; };
		E3AE353B2A948A1900B57D93 /* TableModel.swift in Sources */ = {isa = PBXBuildFile; fileRef = E3AE353A2A948A1900B57D93 /* TableModel.swift */; };
		E3AE353D2A94AA5400B57D93 /* GameSystem.swift in Sources */ = {isa = PBXBuildFile; fileRef = E3AE353C2A94AA5400B57D93 /* GameSystem.swift */; };
		E3AE353F2A94AB8300B57D93 /* PointCalculatorModel.swift in Sources */ = {isa = PBXBuildFile; fileRef = E3AE353E2A94AB8300B57D93 /* PointCalculatorModel.swift */; };
		E3AE35412A94AC9800B57D93 /* PointBoard.swift in Sources */ = {isa = PBXBuildFile; fileRef = E3AE35402A94AC9800B57D93 /* PointBoard.swift */; };
/* End PBXBuildFile section */

/* Begin PBXContainerItemProxy section */
		E360E71B2A8F36040057CE20 /* PBXContainerItemProxy */ = {
			isa = PBXContainerItemProxy;
			containerPortal = E360E7012A8F36030057CE20 /* Project object */;
			proxyType = 1;
			remoteGlobalIDString = E360E7082A8F36030057CE20;
			remoteInfo = "asm2-ios";
		};
		E360E7252A8F36040057CE20 /* PBXContainerItemProxy */ = {
			isa = PBXContainerItemProxy;
			containerPortal = E360E7012A8F36030057CE20 /* Project object */;
			proxyType = 1;
			remoteGlobalIDString = E360E7082A8F36030057CE20;
			remoteInfo = "asm2-ios";
		};
/* End PBXContainerItemProxy section */

/* Begin PBXFileReference section */
		E33A32992A93264200F98879 /* PokeCard.swift */ = {isa = PBXFileReference; lastKnownFileType = sourcecode.swift; path = PokeCard.swift; sourceTree = "<group>"; };
		E33A329B2A9327CE00F98879 /* PokeCardView.swift */ = {isa = PBXFileReference; lastKnownFileType = sourcecode.swift; path = PokeCardView.swift; sourceTree = "<group>"; };
		E33A32A02A9340CD00F98879 /* CardBack.swift */ = {isa = PBXFileReference; lastKnownFileType = sourcecode.swift; path = CardBack.swift; sourceTree = "<group>"; };
		E33A32A62A93488A00F98879 /* poke-data.json */ = {isa = PBXFileReference; fileEncoding = 4; lastKnownFileType = text.json; path = "poke-data.json"; sourceTree = "<group>"; };
		E33A32A82A934AE300F98879 /* TableView.swift */ = {isa = PBXFileReference; lastKnownFileType = sourcecode.swift; path = TableView.swift; sourceTree = "<group>"; };
		E33A32AA2A9352C700F98879 /* MainNormalView.swift */ = {isa = PBXFileReference; lastKnownFileType = sourcecode.swift; path = MainNormalView.swift; sourceTree = "<group>"; };
		E33A32AC2A93693B00F98879 /* PokeData.swift */ = {isa = PBXFileReference; lastKnownFileType = sourcecode.swift; path = PokeData.swift; sourceTree = "<group>"; };
		E360E7092A8F36030057CE20 /* asm2-ios.app */ = {isa = PBXFileReference; explicitFileType = wrapper.application; includeInIndex = 0; path = "asm2-ios.app"; sourceTree = BUILT_PRODUCTS_DIR; };
		E360E70C2A8F36030057CE20 /* asm2_iosApp.swift */ = {isa = PBXFileReference; lastKnownFileType = sourcecode.swift; path = asm2_iosApp.swift; sourceTree = "<group>"; };
		E360E70E2A8F36030057CE20 /* ContentView.swift */ = {isa = PBXFileReference; lastKnownFileType = sourcecode.swift; path = ContentView.swift; sourceTree = "<group>"; };
		E360E7102A8F36040057CE20 /* Assets.xcassets */ = {isa = PBXFileReference; lastKnownFileType = folder.assetcatalog; path = Assets.xcassets; sourceTree = "<group>"; };
		E360E7122A8F36040057CE20 /* asm2_ios.entitlements */ = {isa = PBXFileReference; lastKnownFileType = text.plist.entitlements; path = asm2_ios.entitlements; sourceTree = "<group>"; };
		E360E7142A8F36040057CE20 /* Preview Assets.xcassets */ = {isa = PBXFileReference; lastKnownFileType = folder.assetcatalog; path = "Preview Assets.xcassets"; sourceTree = "<group>"; };
		E360E71A2A8F36040057CE20 /* asm2-iosTests.xctest */ = {isa = PBXFileReference; explicitFileType = wrapper.cfbundle; includeInIndex = 0; path = "asm2-iosTests.xctest"; sourceTree = BUILT_PRODUCTS_DIR; };
		E360E71E2A8F36040057CE20 /* asm2_iosTests.swift */ = {isa = PBXFileReference; lastKnownFileType = sourcecode.swift; path = asm2_iosTests.swift; sourceTree = "<group>"; };
		E360E7242A8F36040057CE20 /* asm2-iosUITests.xctest */ = {isa = PBXFileReference; explicitFileType = wrapper.cfbundle; includeInIndex = 0; path = "asm2-iosUITests.xctest"; sourceTree = BUILT_PRODUCTS_DIR; };
		E360E7282A8F36040057CE20 /* asm2_iosUITests.swift */ = {isa = PBXFileReference; lastKnownFileType = sourcecode.swift; path = asm2_iosUITests.swift; sourceTree = "<group>"; };
		E360E72A2A8F36040057CE20 /* asm2_iosUITestsLaunchTests.swift */ = {isa = PBXFileReference; lastKnownFileType = sourcecode.swift; path = asm2_iosUITestsLaunchTests.swift; sourceTree = "<group>"; };
		E360E7392A8F3A220057CE20 /* WelcomeView.swift */ = {isa = PBXFileReference; lastKnownFileType = sourcecode.swift; path = WelcomeView.swift; sourceTree = "<group>"; };
		E360E73C2A8F52250057CE20 /* ButtonUI.swift */ = {isa = PBXFileReference; lastKnownFileType = sourcecode.swift; path = ButtonUI.swift; sourceTree = "<group>"; };
		E360E73E2A8F56DF0057CE20 /* Test.swift */ = {isa = PBXFileReference; lastKnownFileType = sourcecode.swift; path = Test.swift; sourceTree = "<group>"; };
		E360E7402A8F69DD0057CE20 /* ShiningView.swift */ = {isa = PBXFileReference; lastKnownFileType = sourcecode.swift; path = ShiningView.swift; sourceTree = "<group>"; };
		E360E7422A8F71680057CE20 /* MainPageView.swift */ = {isa = PBXFileReference; lastKnownFileType = sourcecode.swift; path = MainPageView.swift; sourceTree = "<group>"; };
		E360E7442A8F7CFD0057CE20 /* EmtyView.swift */ = {isa = PBXFileReference; lastKnownFileType = sourcecode.swift; path = EmtyView.swift; sourceTree = "<group>"; };
		E360E7462A8F7E7C0057CE20 /* TextButtonUI.swift */ = {isa = PBXFileReference; lastKnownFileType = sourcecode.swift; path = TextButtonUI.swift; sourceTree = "<group>"; };
		E36AAACD2A985FD600C50349 /* PlayAgainView.swift */ = {isa = PBXFileReference; lastKnownFileType = sourcecode.swift; path = PlayAgainView.swift; sourceTree = "<group>"; };
		E36AAAD32A987FC200C50349 /* TimerView.swift */ = {isa = PBXFileReference; lastKnownFileType = sourcecode.swift; path = TimerView.swift; sourceTree = "<group>"; };
		E36AAAD72A98809100C50349 /* TimerModel.swift */ = {isa = PBXFileReference; lastKnownFileType = sourcecode.swift; path = TimerModel.swift; sourceTree = "<group>"; };
		E3AE35362A94777D00B57D93 /* ComboBar.swift */ = {isa = PBXFileReference; lastKnownFileType = sourcecode.swift; path = ComboBar.swift; sourceTree = "<group>"; };
		E3AE35382A94865900B57D93 /* ComboBarModel.swift */ = {isa = PBXFileReference; lastKnownFileType = sourcecode.swift; path = ComboBarModel.swift; sourceTree = "<group>"; };
		E3AE353A2A948A1900B57D93 /* TableModel.swift */ = {isa = PBXFileReference; lastKnownFileType = sourcecode.swift; path = TableModel.swift; sourceTree = "<group>"; };
		E3AE353C2A94AA5400B57D93 /* GameSystem.swift */ = {isa = PBXFileReference; lastKnownFileType = sourcecode.swift; path = GameSystem.swift; sourceTree = "<group>"; };
		E3AE353E2A94AB8300B57D93 /* PointCalculatorModel.swift */ = {isa = PBXFileReference; lastKnownFileType = sourcecode.swift; path = PointCalculatorModel.swift; sourceTree = "<group>"; };
		E3AE35402A94AC9800B57D93 /* PointBoard.swift */ = {isa = PBXFileReference; lastKnownFileType = sourcecode.swift; path = PointBoard.swift; sourceTree = "<group>"; };
		E3AE35432A94B57F00B57D93 /* Info.plist */ = {isa = PBXFileReference; lastKnownFileType = text.plist; path = Info.plist; sourceTree = "<group>"; };
		E3AE35442A94BAEF00B57D93 /* Silver.ttf */ = {isa = PBXFileReference; lastKnownFileType = file; path = Silver.ttf; sourceTree = "<group>"; };
/* End PBXFileReference section */

/* Begin PBXFrameworksBuildPhase section */
		E360E7062A8F36030057CE20 /* Frameworks */ = {
			isa = PBXFrameworksBuildPhase;
			buildActionMask = 2147483647;
			files = (
			);
			runOnlyForDeploymentPostprocessing = 0;
		};
		E360E7172A8F36040057CE20 /* Frameworks */ = {
			isa = PBXFrameworksBuildPhase;
			buildActionMask = 2147483647;
			files = (
			);
			runOnlyForDeploymentPostprocessing = 0;
		};
		E360E7212A8F36040057CE20 /* Frameworks */ = {
			isa = PBXFrameworksBuildPhase;
			buildActionMask = 2147483647;
			files = (
			);
			runOnlyForDeploymentPostprocessing = 0;
		};
/* End PBXFrameworksBuildPhase section */

/* Begin PBXGroup section */
		E33A329F2A93404300F98879 /* Card */ = {
			isa = PBXGroup;
			children = (
				E33A329B2A9327CE00F98879 /* PokeCardView.swift */,
				E33A32A02A9340CD00F98879 /* CardBack.swift */,
			);
			path = Card;
			sourceTree = "<group>";
		};
		E33A32A22A93480B00F98879 /* Data */ = {
			isa = PBXGroup;
			children = (
				E33A32A62A93488A00F98879 /* poke-data.json */,
			);
			path = Data;
			sourceTree = "<group>";
		};
		E360E7002A8F36030057CE20 = {
			isa = PBXGroup;
			children = (
				E360E70B2A8F36030057CE20 /* asm2-ios */,
				E360E71D2A8F36040057CE20 /* asm2-iosTests */,
				E360E7272A8F36040057CE20 /* asm2-iosUITests */,
				E360E70A2A8F36030057CE20 /* Products */,
			);
			sourceTree = "<group>";
		};
		E360E70A2A8F36030057CE20 /* Products */ = {
			isa = PBXGroup;
			children = (
				E360E7092A8F36030057CE20 /* asm2-ios.app */,
				E360E71A2A8F36040057CE20 /* asm2-iosTests.xctest */,
				E360E7242A8F36040057CE20 /* asm2-iosUITests.xctest */,
			);
			name = Products;
			sourceTree = "<group>";
		};
		E360E70B2A8F36030057CE20 /* asm2-ios */ = {
			isa = PBXGroup;
			children = (
				E3AE35432A94B57F00B57D93 /* Info.plist */,
				E3AE35442A94BAEF00B57D93 /* Silver.ttf */,
				E3AE35352A94776300B57D93 /* Component */,
				E33A32A22A93480B00F98879 /* Data */,
				E360E73B2A8F51EF0057CE20 /* UI */,
				E360E7382A8F3A0A0057CE20 /* Model */,
				E360E7372A8F3A010057CE20 /* View */,
				E360E70C2A8F36030057CE20 /* asm2_iosApp.swift */,
				E360E70E2A8F36030057CE20 /* ContentView.swift */,
				E360E7102A8F36040057CE20 /* Assets.xcassets */,
				E360E7122A8F36040057CE20 /* asm2_ios.entitlements */,
				E360E7132A8F36040057CE20 /* Preview Content */,
			);
			path = "asm2-ios";
			sourceTree = "<group>";
		};
		E360E7132A8F36040057CE20 /* Preview Content */ = {
			isa = PBXGroup;
			children = (
				E360E7142A8F36040057CE20 /* Preview Assets.xcassets */,
			);
			path = "Preview Content";
			sourceTree = "<group>";
		};
		E360E71D2A8F36040057CE20 /* asm2-iosTests */ = {
			isa = PBXGroup;
			children = (
				E360E71E2A8F36040057CE20 /* asm2_iosTests.swift */,
			);
			path = "asm2-iosTests";
			sourceTree = "<group>";
		};
		E360E7272A8F36040057CE20 /* asm2-iosUITests */ = {
			isa = PBXGroup;
			children = (
				E360E7282A8F36040057CE20 /* asm2_iosUITests.swift */,
				E360E72A2A8F36040057CE20 /* asm2_iosUITestsLaunchTests.swift */,
			);
			path = "asm2-iosUITests";
			sourceTree = "<group>";
		};
		E360E7372A8F3A010057CE20 /* View */ = {
			isa = PBXGroup;
			children = (
				E33A329F2A93404300F98879 /* Card */,
				E360E7392A8F3A220057CE20 /* WelcomeView.swift */,
				E360E7422A8F71680057CE20 /* MainPageView.swift */,
				E33A32AA2A9352C700F98879 /* MainNormalView.swift */,
			);
			path = View;
			sourceTree = "<group>";
		};
		E360E7382A8F3A0A0057CE20 /* Model */ = {
			isa = PBXGroup;
			children = (
				E33A32992A93264200F98879 /* PokeCard.swift */,
				E33A32AC2A93693B00F98879 /* PokeData.swift */,
				E3AE35382A94865900B57D93 /* ComboBarModel.swift */,
				E3AE353A2A948A1900B57D93 /* TableModel.swift */,
				E3AE353C2A94AA5400B57D93 /* GameSystem.swift */,
				E3AE353E2A94AB8300B57D93 /* PointCalculatorModel.swift */,
				E36AAAD72A98809100C50349 /* TimerModel.swift */,
			);
			path = Model;
			sourceTree = "<group>";
		};
		E360E73B2A8F51EF0057CE20 /* UI */ = {
			isa = PBXGroup;
			children = (
				E360E73C2A8F52250057CE20 /* ButtonUI.swift */,
				E360E73E2A8F56DF0057CE20 /* Test.swift */,
				E360E7402A8F69DD0057CE20 /* ShiningView.swift */,
				E360E7442A8F7CFD0057CE20 /* EmtyView.swift */,
				E360E7462A8F7E7C0057CE20 /* TextButtonUI.swift */,
			);
			path = UI;
			sourceTree = "<group>";
		};
		E3AE35352A94776300B57D93 /* Component */ = {
			isa = PBXGroup;
			children = (
				E33A32A82A934AE300F98879 /* TableView.swift */,
				E3AE35362A94777D00B57D93 /* ComboBar.swift */,
				E3AE35402A94AC9800B57D93 /* PointBoard.swift */,
				E36AAACD2A985FD600C50349 /* PlayAgainView.swift */,
				E36AAAD32A987FC200C50349 /* TimerView.swift */,
			);
			path = Component;
			sourceTree = "<group>";
		};
/* End PBXGroup section */

/* Begin PBXNativeTarget section */
		E360E7082A8F36030057CE20 /* asm2-ios */ = {
			isa = PBXNativeTarget;
			buildConfigurationList = E360E72E2A8F36040057CE20 /* Build configuration list for PBXNativeTarget "asm2-ios" */;
			buildPhases = (
				E360E7052A8F36030057CE20 /* Sources */,
				E360E7062A8F36030057CE20 /* Frameworks */,
				E360E7072A8F36030057CE20 /* Resources */,
			);
			buildRules = (
			);
			dependencies = (
			);
			name = "asm2-ios";
			productName = "asm2-ios";
			productReference = E360E7092A8F36030057CE20 /* asm2-ios.app */;
			productType = "com.apple.product-type.application";
		};
		E360E7192A8F36040057CE20 /* asm2-iosTests */ = {
			isa = PBXNativeTarget;
			buildConfigurationList = E360E7312A8F36040057CE20 /* Build configuration list for PBXNativeTarget "asm2-iosTests" */;
			buildPhases = (
				E360E7162A8F36040057CE20 /* Sources */,
				E360E7172A8F36040057CE20 /* Frameworks */,
				E360E7182A8F36040057CE20 /* Resources */,
			);
			buildRules = (
			);
			dependencies = (
				E360E71C2A8F36040057CE20 /* PBXTargetDependency */,
			);
			name = "asm2-iosTests";
			productName = "asm2-iosTests";
			productReference = E360E71A2A8F36040057CE20 /* asm2-iosTests.xctest */;
			productType = "com.apple.product-type.bundle.unit-test";
		};
		E360E7232A8F36040057CE20 /* asm2-iosUITests */ = {
			isa = PBXNativeTarget;
			buildConfigurationList = E360E7342A8F36040057CE20 /* Build configuration list for PBXNativeTarget "asm2-iosUITests" */;
			buildPhases = (
				E360E7202A8F36040057CE20 /* Sources */,
				E360E7212A8F36040057CE20 /* Frameworks */,
				E360E7222A8F36040057CE20 /* Resources */,
			);
			buildRules = (
			);
			dependencies = (
				E360E7262A8F36040057CE20 /* PBXTargetDependency */,
			);
			name = "asm2-iosUITests";
			productName = "asm2-iosUITests";
			productReference = E360E7242A8F36040057CE20 /* asm2-iosUITests.xctest */;
			productType = "com.apple.product-type.bundle.ui-testing";
		};
/* End PBXNativeTarget section */

/* Begin PBXProject section */
		E360E7012A8F36030057CE20 /* Project object */ = {
			isa = PBXProject;
			attributes = {
				BuildIndependentTargetsInParallel = 1;
				LastSwiftUpdateCheck = 1430;
				LastUpgradeCheck = 1430;
				TargetAttributes = {
					E360E7082A8F36030057CE20 = {
						CreatedOnToolsVersion = 14.3.1;
					};
					E360E7192A8F36040057CE20 = {
						CreatedOnToolsVersion = 14.3.1;
						TestTargetID = E360E7082A8F36030057CE20;
					};
					E360E7232A8F36040057CE20 = {
						CreatedOnToolsVersion = 14.3.1;
						TestTargetID = E360E7082A8F36030057CE20;
					};
				};
			};
			buildConfigurationList = E360E7042A8F36030057CE20 /* Build configuration list for PBXProject "asm2-ios" */;
			compatibilityVersion = "Xcode 14.0";
			developmentRegion = en;
			hasScannedForEncodings = 0;
			knownRegions = (
				en,
				Base,
			);
			mainGroup = E360E7002A8F36030057CE20;
			productRefGroup = E360E70A2A8F36030057CE20 /* Products */;
			projectDirPath = "";
			projectRoot = "";
			targets = (
				E360E7082A8F36030057CE20 /* asm2-ios */,
				E360E7192A8F36040057CE20 /* asm2-iosTests */,
				E360E7232A8F36040057CE20 /* asm2-iosUITests */,
			);
		};
/* End PBXProject section */

/* Begin PBXResourcesBuildPhase section */
		E360E7072A8F36030057CE20 /* Resources */ = {
			isa = PBXResourcesBuildPhase;
			buildActionMask = 2147483647;
			files = (
				E360E7152A8F36040057CE20 /* Preview Assets.xcassets in Resources */,
				E360E7112A8F36040057CE20 /* Assets.xcassets in Resources */,
				E33A32A72A93488A00F98879 /* poke-data.json in Resources */,
			);
			runOnlyForDeploymentPostprocessing = 0;
		};
		E360E7182A8F36040057CE20 /* Resources */ = {
			isa = PBXResourcesBuildPhase;
			buildActionMask = 2147483647;
			files = (
			);
			runOnlyForDeploymentPostprocessing = 0;
		};
		E360E7222A8F36040057CE20 /* Resources */ = {
			isa = PBXResourcesBuildPhase;
			buildActionMask = 2147483647;
			files = (
			);
			runOnlyForDeploymentPostprocessing = 0;
		};
/* End PBXResourcesBuildPhase section */

/* Begin PBXSourcesBuildPhase section */
		E360E7052A8F36030057CE20 /* Sources */ = {
			isa = PBXSourcesBuildPhase;
			buildActionMask = 2147483647;
			files = (
				E360E70F2A8F36030057CE20 /* ContentView.swift in Sources */,
				E3AE35412A94AC9800B57D93 /* PointBoard.swift in Sources */,
				E3AE353D2A94AA5400B57D93 /* GameSystem.swift in Sources */,
				E360E7432A8F71680057CE20 /* MainPageView.swift in Sources */,
				E360E73A2A8F3A220057CE20 /* WelcomeView.swift in Sources */,
				E33A32A92A934AE300F98879 /* TableView.swift in Sources */,
				E33A32A12A9340CD00F98879 /* CardBack.swift in Sources */,
				E33A32AD2A93693B00F98879 /* PokeData.swift in Sources */,
				E360E7452A8F7CFD0057CE20 /* EmtyView.swift in Sources */,
				E360E73F2A8F56DF0057CE20 /* Test.swift in Sources */,
				E3AE353B2A948A1900B57D93 /* TableModel.swift in Sources */,
				E36AAAD42A987FC200C50349 /* TimerView.swift in Sources */,
				E33A329A2A93264200F98879 /* PokeCard.swift in Sources */,
				E33A32AB2A9352C700F98879 /* MainNormalView.swift in Sources */,
				E3AE35392A94865900B57D93 /* ComboBarModel.swift in Sources */,
				E360E7472A8F7E7C0057CE20 /* TextButtonUI.swift in Sources */,
				E36AAACE2A985FD600C50349 /* PlayAgainView.swift in Sources */,
				E3AE353F2A94AB8300B57D93 /* PointCalculatorModel.swift in Sources */,
				E360E70D2A8F36030057CE20 /* asm2_iosApp.swift in Sources */,
				E33A329C2A9327CE00F98879 /* PokeCardView.swift in Sources */,
				E360E73D2A8F52250057CE20 /* ButtonUI.swift in Sources */,
				E36AAAD82A98809100C50349 /* TimerModel.swift in Sources */,
				E3AE35372A94777D00B57D93 /* ComboBar.swift in Sources */,
				E360E7412A8F69DD0057CE20 /* ShiningView.swift in Sources */,
			);
			runOnlyForDeploymentPostprocessing = 0;
		};
		E360E7162A8F36040057CE20 /* Sources */ = {
			isa = PBXSourcesBuildPhase;
			buildActionMask = 2147483647;
			files = (
				E360E71F2A8F36040057CE20 /* asm2_iosTests.swift in Sources */,
			);
			runOnlyForDeploymentPostprocessing = 0;
		};
		E360E7202A8F36040057CE20 /* Sources */ = {
			isa = PBXSourcesBuildPhase;
			buildActionMask = 2147483647;
			files = (
				E360E72B2A8F36040057CE20 /* asm2_iosUITestsLaunchTests.swift in Sources */,
				E360E7292A8F36040057CE20 /* asm2_iosUITests.swift in Sources */,
			);
			runOnlyForDeploymentPostprocessing = 0;
		};
/* End PBXSourcesBuildPhase section */

/* Begin PBXTargetDependency section */
		E360E71C2A8F36040057CE20 /* PBXTargetDependency */ = {
			isa = PBXTargetDependency;
			target = E360E7082A8F36030057CE20 /* asm2-ios */;
			targetProxy = E360E71B2A8F36040057CE20 /* PBXContainerItemProxy */;
		};
		E360E7262A8F36040057CE20 /* PBXTargetDependency */ = {
			isa = PBXTargetDependency;
			target = E360E7082A8F36030057CE20 /* asm2-ios */;
			targetProxy = E360E7252A8F36040057CE20 /* PBXContainerItemProxy */;
		};
/* End PBXTargetDependency section */

/* Begin XCBuildConfiguration section */
		E360E72C2A8F36040057CE20 /* Debug */ = {
			isa = XCBuildConfiguration;
			buildSettings = {
				ALWAYS_SEARCH_USER_PATHS = NO;
				CLANG_ANALYZER_NONNULL = YES;
				CLANG_ANALYZER_NUMBER_OBJECT_CONVERSION = YES_AGGRESSIVE;
				CLANG_CXX_LANGUAGE_STANDARD = "gnu++20";
				CLANG_ENABLE_MODULES = YES;
				CLANG_ENABLE_OBJC_ARC = YES;
				CLANG_ENABLE_OBJC_WEAK = YES;
				CLANG_WARN_BLOCK_CAPTURE_AUTORELEASING = YES;
				CLANG_WARN_BOOL_CONVERSION = YES;
				CLANG_WARN_COMMA = YES;
				CLANG_WARN_CONSTANT_CONVERSION = YES;
				CLANG_WARN_DEPRECATED_OBJC_IMPLEMENTATIONS = YES;
				CLANG_WARN_DIRECT_OBJC_ISA_USAGE = YES_ERROR;
				CLANG_WARN_DOCUMENTATION_COMMENTS = YES;
				CLANG_WARN_EMPTY_BODY = YES;
				CLANG_WARN_ENUM_CONVERSION = YES;
				CLANG_WARN_INFINITE_RECURSION = YES;
				CLANG_WARN_INT_CONVERSION = YES;
				CLANG_WARN_NON_LITERAL_NULL_CONVERSION = YES;
				CLANG_WARN_OBJC_IMPLICIT_RETAIN_SELF = YES;
				CLANG_WARN_OBJC_LITERAL_CONVERSION = YES;
				CLANG_WARN_OBJC_ROOT_CLASS = YES_ERROR;
				CLANG_WARN_QUOTED_INCLUDE_IN_FRAMEWORK_HEADER = YES;
				CLANG_WARN_RANGE_LOOP_ANALYSIS = YES;
				CLANG_WARN_STRICT_PROTOTYPES = YES;
				CLANG_WARN_SUSPICIOUS_MOVE = YES;
				CLANG_WARN_UNGUARDED_AVAILABILITY = YES_AGGRESSIVE;
				CLANG_WARN_UNREACHABLE_CODE = YES;
				CLANG_WARN__DUPLICATE_METHOD_MATCH = YES;
				COPY_PHASE_STRIP = NO;
				DEBUG_INFORMATION_FORMAT = dwarf;
				ENABLE_STRICT_OBJC_MSGSEND = YES;
				ENABLE_TESTABILITY = YES;
				GCC_C_LANGUAGE_STANDARD = gnu11;
				GCC_DYNAMIC_NO_PIC = NO;
				GCC_NO_COMMON_BLOCKS = YES;
				GCC_OPTIMIZATION_LEVEL = 0;
				GCC_PREPROCESSOR_DEFINITIONS = (
					"DEBUG=1",
					"$(inherited)",
				);
				GCC_WARN_64_TO_32_BIT_CONVERSION = YES;
				GCC_WARN_ABOUT_RETURN_TYPE = YES_ERROR;
				GCC_WARN_UNDECLARED_SELECTOR = YES;
				GCC_WARN_UNINITIALIZED_AUTOS = YES_AGGRESSIVE;
				GCC_WARN_UNUSED_FUNCTION = YES;
				GCC_WARN_UNUSED_VARIABLE = YES;
				MTL_ENABLE_DEBUG_INFO = INCLUDE_SOURCE;
				MTL_FAST_MATH = YES;
				ONLY_ACTIVE_ARCH = YES;
				SWIFT_ACTIVE_COMPILATION_CONDITIONS = DEBUG;
				SWIFT_OPTIMIZATION_LEVEL = "-Onone";
			};
			name = Debug;
		};
		E360E72D2A8F36040057CE20 /* Release */ = {
			isa = XCBuildConfiguration;
			buildSettings = {
				ALWAYS_SEARCH_USER_PATHS = NO;
				CLANG_ANALYZER_NONNULL = YES;
				CLANG_ANALYZER_NUMBER_OBJECT_CONVERSION = YES_AGGRESSIVE;
				CLANG_CXX_LANGUAGE_STANDARD = "gnu++20";
				CLANG_ENABLE_MODULES = YES;
				CLANG_ENABLE_OBJC_ARC = YES;
				CLANG_ENABLE_OBJC_WEAK = YES;
				CLANG_WARN_BLOCK_CAPTURE_AUTORELEASING = YES;
				CLANG_WARN_BOOL_CONVERSION = YES;
				CLANG_WARN_COMMA = YES;
				CLANG_WARN_CONSTANT_CONVERSION = YES;
				CLANG_WARN_DEPRECATED_OBJC_IMPLEMENTATIONS = YES;
				CLANG_WARN_DIRECT_OBJC_ISA_USAGE = YES_ERROR;
				CLANG_WARN_DOCUMENTATION_COMMENTS = YES;
				CLANG_WARN_EMPTY_BODY = YES;
				CLANG_WARN_ENUM_CONVERSION = YES;
				CLANG_WARN_INFINITE_RECURSION = YES;
				CLANG_WARN_INT_CONVERSION = YES;
				CLANG_WARN_NON_LITERAL_NULL_CONVERSION = YES;
				CLANG_WARN_OBJC_IMPLICIT_RETAIN_SELF = YES;
				CLANG_WARN_OBJC_LITERAL_CONVERSION = YES;
				CLANG_WARN_OBJC_ROOT_CLASS = YES_ERROR;
				CLANG_WARN_QUOTED_INCLUDE_IN_FRAMEWORK_HEADER = YES;
				CLANG_WARN_RANGE_LOOP_ANALYSIS = YES;
				CLANG_WARN_STRICT_PROTOTYPES = YES;
				CLANG_WARN_SUSPICIOUS_MOVE = YES;
				CLANG_WARN_UNGUARDED_AVAILABILITY = YES_AGGRESSIVE;
				CLANG_WARN_UNREACHABLE_CODE = YES;
				CLANG_WARN__DUPLICATE_METHOD_MATCH = YES;
				COPY_PHASE_STRIP = NO;
				DEBUG_INFORMATION_FORMAT = "dwarf-with-dsym";
				ENABLE_NS_ASSERTIONS = NO;
				ENABLE_STRICT_OBJC_MSGSEND = YES;
				GCC_C_LANGUAGE_STANDARD = gnu11;
				GCC_NO_COMMON_BLOCKS = YES;
				GCC_WARN_64_TO_32_BIT_CONVERSION = YES;
				GCC_WARN_ABOUT_RETURN_TYPE = YES_ERROR;
				GCC_WARN_UNDECLARED_SELECTOR = YES;
				GCC_WARN_UNINITIALIZED_AUTOS = YES_AGGRESSIVE;
				GCC_WARN_UNUSED_FUNCTION = YES;
				GCC_WARN_UNUSED_VARIABLE = YES;
				MTL_ENABLE_DEBUG_INFO = NO;
				MTL_FAST_MATH = YES;
				SWIFT_COMPILATION_MODE = wholemodule;
				SWIFT_OPTIMIZATION_LEVEL = "-O";
			};
			name = Release;
		};
		E360E72F2A8F36040057CE20 /* Debug */ = {
			isa = XCBuildConfiguration;
			buildSettings = {
				ASSETCATALOG_COMPILER_APPICON_NAME = AppIcon;
				ASSETCATALOG_COMPILER_GLOBAL_ACCENT_COLOR_NAME = AccentColor;
				CODE_SIGN_ENTITLEMENTS = "asm2-ios/asm2_ios.entitlements";
				CODE_SIGN_STYLE = Automatic;
				CURRENT_PROJECT_VERSION = 1;
				DEVELOPMENT_ASSET_PATHS = "\"asm2-ios/Preview Content\"";
				ENABLE_PREVIEWS = YES;
				GENERATE_INFOPLIST_FILE = YES;
				INFOPLIST_FILE = "asm2-ios/Info.plist";
				"INFOPLIST_KEY_UIApplicationSceneManifest_Generation[sdk=iphoneos*]" = YES;
				"INFOPLIST_KEY_UIApplicationSceneManifest_Generation[sdk=iphonesimulator*]" = YES;
				"INFOPLIST_KEY_UIApplicationSupportsIndirectInputEvents[sdk=iphoneos*]" = YES;
				"INFOPLIST_KEY_UIApplicationSupportsIndirectInputEvents[sdk=iphonesimulator*]" = YES;
				"INFOPLIST_KEY_UILaunchScreen_Generation[sdk=iphoneos*]" = YES;
				"INFOPLIST_KEY_UILaunchScreen_Generation[sdk=iphonesimulator*]" = YES;
				"INFOPLIST_KEY_UIStatusBarStyle[sdk=iphoneos*]" = UIStatusBarStyleDefault;
				"INFOPLIST_KEY_UIStatusBarStyle[sdk=iphonesimulator*]" = UIStatusBarStyleDefault;
				INFOPLIST_KEY_UISupportedInterfaceOrientations_iPad = "UIInterfaceOrientationPortrait UIInterfaceOrientationPortraitUpsideDown UIInterfaceOrientationLandscapeLeft UIInterfaceOrientationLandscapeRight";
				INFOPLIST_KEY_UISupportedInterfaceOrientations_iPhone = "UIInterfaceOrientationPortrait UIInterfaceOrientationLandscapeLeft UIInterfaceOrientationLandscapeRight";
				IPHONEOS_DEPLOYMENT_TARGET = 16.4;
				LD_RUNPATH_SEARCH_PATHS = "@executable_path/Frameworks";
				"LD_RUNPATH_SEARCH_PATHS[sdk=macosx*]" = "@executable_path/../Frameworks";
				MACOSX_DEPLOYMENT_TARGET = 13.3;
				MARKETING_VERSION = 1.0;
				PRODUCT_BUNDLE_IDENTIFIER = "VuGiaAn.asm2-ios";
				PRODUCT_NAME = "$(TARGET_NAME)";
				SDKROOT = auto;
				SUPPORTED_PLATFORMS = "iphoneos iphonesimulator macosx";
				SWIFT_EMIT_LOC_STRINGS = YES;
				SWIFT_VERSION = 5.0;
				TARGETED_DEVICE_FAMILY = "1,2";
			};
			name = Debug;
		};
		E360E7302A8F36040057CE20 /* Release */ = {
			isa = XCBuildConfiguration;
			buildSettings = {
				ASSETCATALOG_COMPILER_APPICON_NAME = AppIcon;
				ASSETCATALOG_COMPILER_GLOBAL_ACCENT_COLOR_NAME = AccentColor;
				CODE_SIGN_ENTITLEMENTS = "asm2-ios/asm2_ios.entitlements";
				CODE_SIGN_STYLE = Automatic;
				CURRENT_PROJECT_VERSION = 1;
				DEVELOPMENT_ASSET_PATHS = "\"asm2-ios/Preview Content\"";
				ENABLE_PREVIEWS = YES;
				GENERATE_INFOPLIST_FILE = YES;
				INFOPLIST_FILE = "asm2-ios/Info.plist";
				"INFOPLIST_KEY_UIApplicationSceneManifest_Generation[sdk=iphoneos*]" = YES;
				"INFOPLIST_KEY_UIApplicationSceneManifest_Generation[sdk=iphonesimulator*]" = YES;
				"INFOPLIST_KEY_UIApplicationSupportsIndirectInputEvents[sdk=iphoneos*]" = YES;
				"INFOPLIST_KEY_UIApplicationSupportsIndirectInputEvents[sdk=iphonesimulator*]" = YES;
				"INFOPLIST_KEY_UILaunchScreen_Generation[sdk=iphoneos*]" = YES;
				"INFOPLIST_KEY_UILaunchScreen_Generation[sdk=iphonesimulator*]" = YES;
				"INFOPLIST_KEY_UIStatusBarStyle[sdk=iphoneos*]" = UIStatusBarStyleDefault;
				"INFOPLIST_KEY_UIStatusBarStyle[sdk=iphonesimulator*]" = UIStatusBarStyleDefault;
				INFOPLIST_KEY_UISupportedInterfaceOrientations_iPad = "UIInterfaceOrientationPortrait UIInterfaceOrientationPortraitUpsideDown UIInterfaceOrientationLandscapeLeft UIInterfaceOrientationLandscapeRight";
				INFOPLIST_KEY_UISupportedInterfaceOrientations_iPhone = "UIInterfaceOrientationPortrait UIInterfaceOrientationLandscapeLeft UIInterfaceOrientationLandscapeRight";
				IPHONEOS_DEPLOYMENT_TARGET = 16.4;
				LD_RUNPATH_SEARCH_PATHS = "@executable_path/Frameworks";
				"LD_RUNPATH_SEARCH_PATHS[sdk=macosx*]" = "@executable_path/../Frameworks";
				MACOSX_DEPLOYMENT_TARGET = 13.3;
				MARKETING_VERSION = 1.0;
				PRODUCT_BUNDLE_IDENTIFIER = "VuGiaAn.asm2-ios";
				PRODUCT_NAME = "$(TARGET_NAME)";
				SDKROOT = auto;
				SUPPORTED_PLATFORMS = "iphoneos iphonesimulator macosx";
				SWIFT_EMIT_LOC_STRINGS = YES;
				SWIFT_VERSION = 5.0;
				TARGETED_DEVICE_FAMILY = "1,2";
			};
			name = Release;
		};
		E360E7322A8F36040057CE20 /* Debug */ = {
			isa = XCBuildConfiguration;
			buildSettings = {
				ALWAYS_EMBED_SWIFT_STANDARD_LIBRARIES = YES;
				BUNDLE_LOADER = "$(TEST_HOST)";
				CODE_SIGN_STYLE = Automatic;
				CURRENT_PROJECT_VERSION = 1;
				GENERATE_INFOPLIST_FILE = YES;
				IPHONEOS_DEPLOYMENT_TARGET = 16.4;
				MACOSX_DEPLOYMENT_TARGET = 13.3;
				MARKETING_VERSION = 1.0;
				PRODUCT_BUNDLE_IDENTIFIER = "VuGiaAn.asm2-iosTests";
				PRODUCT_NAME = "$(TARGET_NAME)";
				SDKROOT = auto;
				SUPPORTED_PLATFORMS = "iphoneos iphonesimulator macosx";
				SWIFT_EMIT_LOC_STRINGS = NO;
				SWIFT_VERSION = 5.0;
				TARGETED_DEVICE_FAMILY = "1,2";
				TEST_HOST = "$(BUILT_PRODUCTS_DIR)/asm2-ios.app/$(BUNDLE_EXECUTABLE_FOLDER_PATH)/asm2-ios";
			};
			name = Debug;
		};
		E360E7332A8F36040057CE20 /* Release */ = {
			isa = XCBuildConfiguration;
			buildSettings = {
				ALWAYS_EMBED_SWIFT_STANDARD_LIBRARIES = YES;
				BUNDLE_LOADER = "$(TEST_HOST)";
				CODE_SIGN_STYLE = Automatic;
				CURRENT_PROJECT_VERSION = 1;
				GENERATE_INFOPLIST_FILE = YES;
				IPHONEOS_DEPLOYMENT_TARGET = 16.4;
				MACOSX_DEPLOYMENT_TARGET = 13.3;
				MARKETING_VERSION = 1.0;
				PRODUCT_BUNDLE_IDENTIFIER = "VuGiaAn.asm2-iosTests";
				PRODUCT_NAME = "$(TARGET_NAME)";
				SDKROOT = auto;
				SUPPORTED_PLATFORMS = "iphoneos iphonesimulator macosx";
				SWIFT_EMIT_LOC_STRINGS = NO;
				SWIFT_VERSION = 5.0;
				TARGETED_DEVICE_FAMILY = "1,2";
				TEST_HOST = "$(BUILT_PRODUCTS_DIR)/asm2-ios.app/$(BUNDLE_EXECUTABLE_FOLDER_PATH)/asm2-ios";
			};
			name = Release;
		};
		E360E7352A8F36040057CE20 /* Debug */ = {
			isa = XCBuildConfiguration;
			buildSettings = {
				ALWAYS_EMBED_SWIFT_STANDARD_LIBRARIES = YES;
				CODE_SIGN_STYLE = Automatic;
				CURRENT_PROJECT_VERSION = 1;
				GENERATE_INFOPLIST_FILE = YES;
				IPHONEOS_DEPLOYMENT_TARGET = 16.4;
				MACOSX_DEPLOYMENT_TARGET = 13.3;
				MARKETING_VERSION = 1.0;
				PRODUCT_BUNDLE_IDENTIFIER = "VuGiaAn.asm2-iosUITests";
				PRODUCT_NAME = "$(TARGET_NAME)";
				SDKROOT = auto;
				SUPPORTED_PLATFORMS = "iphoneos iphonesimulator macosx";
				SWIFT_EMIT_LOC_STRINGS = NO;
				SWIFT_VERSION = 5.0;
				TARGETED_DEVICE_FAMILY = "1,2";
				TEST_TARGET_NAME = "asm2-ios";
			};
			name = Debug;
		};
		E360E7362A8F36040057CE20 /* Release */ = {
			isa = XCBuildConfiguration;
			buildSettings = {
				ALWAYS_EMBED_SWIFT_STANDARD_LIBRARIES = YES;
				CODE_SIGN_STYLE = Automatic;
				CURRENT_PROJECT_VERSION = 1;
				GENERATE_INFOPLIST_FILE = YES;
				IPHONEOS_DEPLOYMENT_TARGET = 16.4;
				MACOSX_DEPLOYMENT_TARGET = 13.3;
				MARKETING_VERSION = 1.0;
				PRODUCT_BUNDLE_IDENTIFIER = "VuGiaAn.asm2-iosUITests";
				PRODUCT_NAME = "$(TARGET_NAME)";
				SDKROOT = auto;
				SUPPORTED_PLATFORMS = "iphoneos iphonesimulator macosx";
				SWIFT_EMIT_LOC_STRINGS = NO;
				SWIFT_VERSION = 5.0;
				TARGETED_DEVICE_FAMILY = "1,2";
				TEST_TARGET_NAME = "asm2-ios";
			};
			name = Release;
		};
/* End XCBuildConfiguration section */

/* Begin XCConfigurationList section */
		E360E7042A8F36030057CE20 /* Build configuration list for PBXProject "asm2-ios" */ = {
			isa = XCConfigurationList;
			buildConfigurations = (
				E360E72C2A8F36040057CE20 /* Debug */,
				E360E72D2A8F36040057CE20 /* Release */,
			);
			defaultConfigurationIsVisible = 0;
			defaultConfigurationName = Release;
		};
		E360E72E2A8F36040057CE20 /* Build configuration list for PBXNativeTarget "asm2-ios" */ = {
			isa = XCConfigurationList;
			buildConfigurations = (
				E360E72F2A8F36040057CE20 /* Debug */,
				E360E7302A8F36040057CE20 /* Release */,
			);
			defaultConfigurationIsVisible = 0;
			defaultConfigurationName = Release;
		};
		E360E7312A8F36040057CE20 /* Build configuration list for PBXNativeTarget "asm2-iosTests" */ = {
			isa = XCConfigurationList;
			buildConfigurations = (
				E360E7322A8F36040057CE20 /* Debug */,
				E360E7332A8F36040057CE20 /* Release */,
			);
			defaultConfigurationIsVisible = 0;
			defaultConfigurationName = Release;
		};
		E360E7342A8F36040057CE20 /* Build configuration list for PBXNativeTarget "asm2-iosUITests" */ = {
			isa = XCConfigurationList;
			buildConfigurations = (
				E360E7352A8F36040057CE20 /* Debug */,
				E360E7362A8F36040057CE20 /* Release */,
			);
			defaultConfigurationIsVisible = 0;
			defaultConfigurationName = Release;
		};
/* End XCConfigurationList section */
	};
	rootObject = E360E7012A8F36030057CE20 /* Project object */;
}
